
Microsoft Visual Studio Solution File, Format Version 12.00
# Visual Studio 2013
VisualStudioVersion = 12.0.21005.1
MinimumVisualStudioVersion = 10.0.40219.1
Project("{FAE04EC0-301F-11D3-BF4B-00C04F79EFBC}") = "SportsStoreService", "SportsStoreService\SportsStoreService.csproj", "{6B3F13E4-6E1A-4BE2-A7E4-CEB769E9047B}"
EndProject
Project("{FAE04EC0-301F-11D3-BF4B-00C04F79EFBC}") = "SportsStore.Web", "SportsStore.Web\SportsStore.Web.csproj", "{F8B61506-8345-4D27-8D67-C787BB6A50B9}"
EndProject
Project("{FAE04EC0-301F-11D3-BF4B-00C04F79EFBC}") = "SportsStore.Web.Tests", "SportsStore.Web.Tests\SportsStore.Web.Tests.csproj", "{CFACF542-FCAC-4635-97AE-2BAFC2757A4D}"
EndProject
Project("{FAE04EC0-301F-11D3-BF4B-00C04F79EFBC}") = "SportsStore.Data", "SportsStore.Data\SportsStore.Data.csproj", "{9916B823-8AC2-4ADD-BB0A-AE57EC3E8DF6}"
EndProject
Project("{FAE04EC0-301F-11D3-BF4B-00C04F79EFBC}") = "SportsStore.Data.Test", "SportsStore.Data.Test\SportsStore.Data.Test.csproj", "{EB2CBA9A-B26D-43CC-B783-AF2591D0DC9B}"
EndProject
Global
	GlobalSection(SolutionConfigurationPlatforms) = preSolution
		Debug|Any CPU = Debug|Any CPU
		Release|Any CPU = Release|Any CPU
	EndGlobalSection
	GlobalSection(ProjectConfigurationPlatforms) = postSolution
		{6B3F13E4-6E1A-4BE2-A7E4-CEB769E9047B}.Debug|Any CPU.ActiveCfg = Debug|Any CPU
		{6B3F13E4-6E1A-4BE2-A7E4-CEB769E9047B}.Debug|Any CPU.Build.0 = Debug|Any CPU
		{6B3F13E4-6E1A-4BE2-A7E4-CEB769E9047B}.Release|Any CPU.ActiveCfg = Release|Any CPU
		{6B3F13E4-6E1A-4BE2-A7E4-CEB769E9047B}.Release|Any CPU.Build.0 = Release|Any CPU
		{F8B61506-8345-4D27-8D67-C787BB6A50B9}.Debug|Any CPU.ActiveCfg = Debug|Any CPU
		{F8B61506-8345-4D27-8D67-C787BB6A50B9}.Debug|Any CPU.Build.0 = Debug|Any CPU
		{F8B61506-8345-4D27-8D67-C787BB6A50B9}.Release|Any CPU.ActiveCfg = Release|Any CPU
		{F8B61506-8345-4D27-8D67-C787BB6A50B9}.Release|Any CPU.Build.0 = Release|Any CPU
		{CFACF542-FCAC-4635-97AE-2BAFC2757A4D}.Debug|Any CPU.ActiveCfg = Debug|Any CPU
		{CFACF542-FCAC-4635-97AE-2BAFC2757A4D}.Debug|Any CPU.Build.0 = Debug|Any CPU
		{CFACF542-FCAC-4635-97AE-2BAFC2757A4D}.Release|Any CPU.ActiveCfg = Release|Any CPU
		{CFACF542-FCAC-4635-97AE-2BAFC2757A4D}.Release|Any CPU.Build.0 = Release|Any CPU
		{9916B823-8AC2-4ADD-BB0A-AE57EC3E8DF6}.Debug|Any CPU.ActiveCfg = Debug|Any CPU
		{9916B823-8AC2-4ADD-BB0A-AE57EC3E8DF6}.Debug|Any CPU.Build.0 = Debug|Any CPU
		{9916B823-8AC2-4ADD-BB0A-AE57EC3E8DF6}.Release|Any CPU.ActiveCfg = Release|Any CPU
		{9916B823-8AC2-4ADD-BB0A-AE57EC3E8DF6}.Release|Any CPU.Build.0 = Release|Any CPU
		{EB2CBA9A-B26D-43CC-B783-AF2591D0DC9B}.Debug|Any CPU.ActiveCfg = Debug|Any CPU
		{EB2CBA9A-B26D-43CC-B783-AF2591D0DC9B}.Debug|Any CPU.Build.0 = Debug|Any CPU
		{EB2CBA9A-B26D-43CC-B783-AF2591D0DC9B}.Release|Any CPU.ActiveCfg = Release|Any CPU
		{EB2CBA9A-B26D-43CC-B783-AF2591D0DC9B}.Release|Any CPU.Build.0 = Release|Any CPU
	EndGlobalSection
	GlobalSection(SolutionProperties) = preSolution
		HideSolutionNode = FALSE
	EndGlobalSection
EndGlobal
